
Microsoft Visual Studio Solution File, Format Version 12.00
# Visual Studio Version 17
VisualStudioVersion = 17.9.34723.18
MinimumVisualStudioVersion = 10.0.40219.1
Project("{FAE04EC0-301F-11D3-BF4B-00C04F79EFBC}") = "OddsNBits", "OddsNBits\OddsNBits.csproj", "{B209EA8D-1CD1-45D0-ABAE-7B73FFA3BA40}"
EndProject
Project("{2150E333-8FDC-42A3-9474-1A3956D46DE8}") = "Misc", "Misc", "{4734AC62-4A1D-458E-B271-654A6B41BA88}"
	ProjectSection(SolutionItems) = preProject
		.gitignore = .gitignore
		README.md = README.md
	EndProjectSection
EndProject
Global
	GlobalSection(SolutionConfigurationPlatforms) = preSolution
		Debug|Any CPU = Debug|Any CPU
		Release|Any CPU = Release|Any CPU
	EndGlobalSection
	GlobalSection(ProjectConfigurationPlatforms) = postSolution
		{B209EA8D-1CD1-45D0-ABAE-7B73FFA3BA40}.Debug|Any CPU.ActiveCfg = Debug|Any CPU
		{B209EA8D-1CD1-45D0-ABAE-7B73FFA3BA40}.Debug|Any CPU.Build.0 = Debug|Any CPU
		{B209EA8D-1CD1-45D0-ABAE-7B73FFA3BA40}.Release|Any CPU.ActiveCfg = Release|Any CPU
		{B209EA8D-1CD1-45D0-ABAE-7B73FFA3BA40}.Release|Any CPU.Build.0 = Release|Any CPU
	EndGlobalSection
	GlobalSection(SolutionProperties) = preSolution
		HideSolutionNode = FALSE
	EndGlobalSection
	GlobalSection(ExtensibilityGlobals) = postSolution
		SolutionGuid = {3A093609-C0E3-4EB3-80DD-6BF3D8B1324D}
	EndGlobalSection
EndGlobal
